// !$*UTF8*$!
{
	archiveVersion = 1;
	classes = {
	};
	objectVersion = 46;
	objects = {

/* Begin PBXBuildFile section */
		95944DFF1D5248DF0069BC8C /* main.m in Sources */ = {isa = PBXBuildFile; fileRef = 95944DFE1D5248DF0069BC8C /* main.m */; };
		95944E021D5248DF0069BC8C /* AppDelegate.m in Sources */ = {isa = PBXBuildFile; fileRef = 95944E011D5248DF0069BC8C /* AppDelegate.m */; };
		95944E051D5248DF0069BC8C /* ViewController.m in Sources */ = {isa = PBXBuildFile; fileRef = 95944E041D5248DF0069BC8C /* ViewController.m */; };
		95944E081D5248DF0069BC8C /* Main.storyboard in Resources */ = {isa = PBXBuildFile; fileRef = 95944E061D5248DF0069BC8C /* Main.storyboard */; };
		95944E0A1D5248DF0069BC8C /* Assets.xcassets in Resources */ = {isa = PBXBuildFile; fileRef = 95944E091D5248DF0069BC8C /* Assets.xcassets */; };
		95944E0D1D5248DF0069BC8C /* LaunchScreen.storyboard in Resources */ = {isa = PBXBuildFile; fileRef = 95944E0B1D5248DF0069BC8C /* LaunchScreen.storyboard */; };
		95944E181D5248DF0069BC8C /* ZYYRouterTests.m in Sources */ = {isa = PBXBuildFile; fileRef = 95944E171D5248DF0069BC8C /* ZYYRouterTests.m */; };
		95944E231D5248DF0069BC8C /* ZYYRouterUITests.m in Sources */ = {isa = PBXBuildFile; fileRef = 95944E221D5248DF0069BC8C /* ZYYRouterUITests.m */; };
		95944E331D5249060069BC8C /* ZYYRouter.m in Sources */ = {isa = PBXBuildFile; fileRef = 95944E321D5249060069BC8C /* ZYYRouter.m */; };
		95944E361D524BF30069BC8C /* ZYYViewController1.m in Sources */ = {isa = PBXBuildFile; fileRef = 95944E351D524BF30069BC8C /* ZYYViewController1.m */; };
		95944E391D524C150069BC8C /* ZYYViewController2.m in Sources */ = {isa = PBXBuildFile; fileRef = 95944E381D524C150069BC8C /* ZYYViewController2.m */; };
		95944E3C1D5251040069BC8C /* ZYYViewController3.m in Sources */ = {isa = PBXBuildFile; fileRef = 95944E3B1D5251040069BC8C /* ZYYViewController3.m */; };
/* End PBXBuildFile section */

/* Begin PBXContainerItemProxy section */
		95944E141D5248DF0069BC8C /* PBXContainerItemProxy */ = {
			isa = PBXContainerItemProxy;
			containerPortal = 95944DF21D5248DF0069BC8C /* Project object */;
			proxyType = 1;
			remoteGlobalIDString = 95944DF91D5248DF0069BC8C;
			remoteInfo = ZYYRouter;
		};
		95944E1F1D5248DF0069BC8C /* PBXContainerItemProxy */ = {
			isa = PBXContainerItemProxy;
			containerPortal = 95944DF21D5248DF0069BC8C /* Project object */;
			proxyType = 1;
			remoteGlobalIDString = 95944DF91D5248DF0069BC8C;
			remoteInfo = ZYYRouter;
		};
/* End PBXContainerItemProxy section */

/* Begin PBXFileReference section */
		95944DFA1D5248DF0069BC8C /* ZYYRouter.app */ = {isa = PBXFileReference; explicitFileType = wrapper.application; includeInIndex = 0; path = ZYYRouter.app; sourceTree = BUILT_PRODUCTS_DIR; };
		95944DFE1D5248DF0069BC8C /* main.m */ = {isa = PBXFileReference; lastKnownFileType = sourcecode.c.objc; path = main.m; sourceTree = "<group>"; };
		95944E001D5248DF0069BC8C /* AppDelegate.h */ = {isa = PBXFileReference; lastKnownFileType = sourcecode.c.h; path = AppDelegate.h; sourceTree = "<group>"; };
		95944E011D5248DF0069BC8C /* AppDelegate.m */ = {isa = PBXFileReference; lastKnownFileType = sourcecode.c.objc; path = AppDelegate.m; sourceTree = "<group>"; };
		95944E031D5248DF0069BC8C /* ViewController.h */ = {isa = PBXFileReference; lastKnownFileType = sourcecode.c.h; path = ViewController.h; sourceTree = "<group>"; };
		95944E041D5248DF0069BC8C /* ViewController.m */ = {isa = PBXFileReference; lastKnownFileType = sourcecode.c.objc; path = ViewController.m; sourceTree = "<group>"; };
		95944E071D5248DF0069BC8C /* Base */ = {isa = PBXFileReference; lastKnownFileType = file.storyboard; name = Base; path = Base.lproj/Main.storyboard; sourceTree = "<group>"; };
		95944E091D5248DF0069BC8C /* Assets.xcassets */ = {isa = PBXFileReference; lastKnownFileType = folder.assetcatalog; path = Assets.xcassets; sourceTree = "<group>"; };
		95944E0C1D5248DF0069BC8C /* Base */ = {isa = PBXFileReference; lastKnownFileType = file.storyboard; name = Base; path = Base.lproj/LaunchScreen.storyboard; sourceTree = "<group>"; };
		95944E0E1D5248DF0069BC8C /* Info.plist */ = {isa = PBXFileReference; lastKnownFileType = text.plist.xml; path = Info.plist; sourceTree = "<group>"; };
		95944E131D5248DF0069BC8C /* ZYYRouterTests.xctest */ = {isa = PBXFileReference; explicitFileType = wrapper.cfbundle; includeInIndex = 0; path = ZYYRouterTests.xctest; sourceTree = BUILT_PRODUCTS_DIR; };
		95944E171D5248DF0069BC8C /* ZYYRouterTests.m */ = {isa = PBXFileReference; lastKnownFileType = sourcecode.c.objc; path = ZYYRouterTests.m; sourceTree = "<group>"; };
		95944E191D5248DF0069BC8C /* Info.plist */ = {isa = PBXFileReference; lastKnownFileType = text.plist.xml; path = Info.plist; sourceTree = "<group>"; };
		95944E1E1D5248DF0069BC8C /* ZYYRouterUITests.xctest */ = {isa = PBXFileReference; explicitFileType = wrapper.cfbundle; includeInIndex = 0; path = ZYYRouterUITests.xctest; sourceTree = BUILT_PRODUCTS_DIR; };
		95944E221D5248DF0069BC8C /* ZYYRouterUITests.m */ = {isa = PBXFileReference; lastKnownFileType = sourcecode.c.objc; path = ZYYRouterUITests.m; sourceTree = "<group>"; };
		95944E241D5248DF0069BC8C /* Info.plist */ = {isa = PBXFileReference; lastKnownFileType = text.plist.xml; path = Info.plist; sourceTree = "<group>"; };
		95944E311D5249060069BC8C /* ZYYRouter.h */ = {isa = PBXFileReference; fileEncoding = 4; lastKnownFileType = sourcecode.c.h; path = ZYYRouter.h; sourceTree = "<group>"; };
		95944E321D5249060069BC8C /* ZYYRouter.m */ = {isa = PBXFileReference; fileEncoding = 4; lastKnownFileType = sourcecode.c.objc; path = ZYYRouter.m; sourceTree = "<group>"; };
		95944E341D524BF30069BC8C /* ZYYViewController1.h */ = {isa = PBXFileReference; fileEncoding = 4; lastKnownFileType = sourcecode.c.h; path = ZYYViewController1.h; sourceTree = "<group>"; };
		95944E351D524BF30069BC8C /* ZYYViewController1.m */ = {isa = PBXFileReference; fileEncoding = 4; lastKnownFileType = sourcecode.c.objc; path = ZYYViewController1.m; sourceTree = "<group>"; };
		95944E371D524C150069BC8C /* ZYYViewController2.h */ = {isa = PBXFileReference; fileEncoding = 4; lastKnownFileType = sourcecode.c.h; path = ZYYViewController2.h; sourceTree = "<group>"; };
		95944E381D524C150069BC8C /* ZYYViewController2.m */ = {isa = PBXFileReference; fileEncoding = 4; lastKnownFileType = sourcecode.c.objc; path = ZYYViewController2.m; sourceTree = "<group>"; };
		95944E3A1D5251040069BC8C /* ZYYViewController3.h */ = {isa = PBXFileReference; fileEncoding = 4; lastKnownFileType = sourcecode.c.h; path = ZYYViewController3.h; sourceTree = "<group>"; };
		95944E3B1D5251040069BC8C /* ZYYViewController3.m */ = {isa = PBXFileReference; fileEncoding = 4; lastKnownFileType = sourcecode.c.objc; path = ZYYViewController3.m; sourceTree = "<group>"; };
/* End PBXFileReference section */

/* Begin PBXFrameworksBuildPhase section */
		95944DF71D5248DF0069BC8C /* Frameworks */ = {
			isa = PBXFrameworksBuildPhase;
			buildActionMask = 2147483647;
			files = (
			);
			runOnlyForDeploymentPostprocessing = 0;
		};
		95944E101D5248DF0069BC8C /* Frameworks */ = {
			isa = PBXFrameworksBuildPhase;
			buildActionMask = 2147483647;
			files = (
			);
			runOnlyForDeploymentPostprocessing = 0;
		};
		95944E1B1D5248DF0069BC8C /* Frameworks */ = {
			isa = PBXFrameworksBuildPhase;
			buildActionMask = 2147483647;
			files = (
			);
			runOnlyForDeploymentPostprocessing = 0;
		};
/* End PBXFrameworksBuildPhase section */

/* Begin PBXGroup section */
		95944DF11D5248DF0069BC8C = {
			isa = PBXGroup;
			children = (
				95944DFC1D5248DF0069BC8C /* ZYYRouter */,
				95944E161D5248DF0069BC8C /* ZYYRouterTests */,
				95944E211D5248DF0069BC8C /* ZYYRouterUITests */,
				95944DFB1D5248DF0069BC8C /* Products */,
			);
			sourceTree = "<group>";
		};
		95944DFB1D5248DF0069BC8C /* Products */ = {
			isa = PBXGroup;
			children = (
				95944DFA1D5248DF0069BC8C /* ZYYRouter.app */,
				95944E131D5248DF0069BC8C /* ZYYRouterTests.xctest */,
				95944E1E1D5248DF0069BC8C /* ZYYRouterUITests.xctest */,
			);
			name = Products;
			sourceTree = "<group>";
		};
		95944DFC1D5248DF0069BC8C /* ZYYRouter */ = {
			isa = PBXGroup;
			children = (
				95944E301D5249060069BC8C /* ZYYRouter */,
				95944E001D5248DF0069BC8C /* AppDelegate.h */,
				95944E011D5248DF0069BC8C /* AppDelegate.m */,
				95944E031D5248DF0069BC8C /* ViewController.h */,
				95944E041D5248DF0069BC8C /* ViewController.m */,
				95944E341D524BF30069BC8C /* ZYYViewController1.h */,
				95944E351D524BF30069BC8C /* ZYYViewController1.m */,
				95944E371D524C150069BC8C /* ZYYViewController2.h */,
				95944E381D524C150069BC8C /* ZYYViewController2.m */,
				95944E3A1D5251040069BC8C /* ZYYViewController3.h */,
				95944E3B1D5251040069BC8C /* ZYYViewController3.m */,
				95944E061D5248DF0069BC8C /* Main.storyboard */,
				95944E091D5248DF0069BC8C /* Assets.xcassets */,
				95944E0B1D5248DF0069BC8C /* LaunchScreen.storyboard */,
				95944E0E1D5248DF0069BC8C /* Info.plist */,
				95944DFD1D5248DF0069BC8C /* Supporting Files */,
			);
			path = ZYYRouter;
			sourceTree = "<group>";
		};
		95944DFD1D5248DF0069BC8C /* Supporting Files */ = {
			isa = PBXGroup;
			children = (
				95944DFE1D5248DF0069BC8C /* main.m */,
			);
			name = "Supporting Files";
			sourceTree = "<group>";
		};
		95944E161D5248DF0069BC8C /* ZYYRouterTests */ = {
			isa = PBXGroup;
			children = (
				95944E171D5248DF0069BC8C /* ZYYRouterTests.m */,
				95944E191D5248DF0069BC8C /* Info.plist */,
			);
			path = ZYYRouterTests;
			sourceTree = "<group>";
		};
		95944E211D5248DF0069BC8C /* ZYYRouterUITests */ = {
			isa = PBXGroup;
			children = (
				95944E221D5248DF0069BC8C /* ZYYRouterUITests.m */,
				95944E241D5248DF0069BC8C /* Info.plist */,
			);
			path = ZYYRouterUITests;
			sourceTree = "<group>";
		};
		95944E301D5249060069BC8C /* ZYYRouter */ = {
			isa = PBXGroup;
			children = (
				95944E311D5249060069BC8C /* ZYYRouter.h */,
				95944E321D5249060069BC8C /* ZYYRouter.m */,
			);
			path = ZYYRouter;
			sourceTree = "<group>";
		};
/* End PBXGroup section */

/* Begin PBXNativeTarget section */
		95944DF91D5248DF0069BC8C /* ZYYRouter */ = {
			isa = PBXNativeTarget;
			buildConfigurationList = 95944E271D5248DF0069BC8C /* Build configuration list for PBXNativeTarget "ZYYRouter" */;
			buildPhases = (
				95944DF61D5248DF0069BC8C /* Sources */,
				95944DF71D5248DF0069BC8C /* Frameworks */,
				95944DF81D5248DF0069BC8C /* Resources */,
			);
			buildRules = (
			);
			dependencies = (
			);
			name = ZYYRouter;
			productName = ZYYRouter;
			productReference = 95944DFA1D5248DF0069BC8C /* ZYYRouter.app */;
			productType = "com.apple.product-type.application";
		};
		95944E121D5248DF0069BC8C /* ZYYRouterTests */ = {
			isa = PBXNativeTarget;
			buildConfigurationList = 95944E2A1D5248DF0069BC8C /* Build configuration list for PBXNativeTarget "ZYYRouterTests" */;
			buildPhases = (
				95944E0F1D5248DF0069BC8C /* Sources */,
				95944E101D5248DF0069BC8C /* Frameworks */,
				95944E111D5248DF0069BC8C /* Resources */,
			);
			buildRules = (
			);
			dependencies = (
				95944E151D5248DF0069BC8C /* PBXTargetDependency */,
			);
			name = ZYYRouterTests;
			productName = ZYYRouterTests;
			productReference = 95944E131D5248DF0069BC8C /* ZYYRouterTests.xctest */;
			productType = "com.apple.product-type.bundle.unit-test";
		};
		95944E1D1D5248DF0069BC8C /* ZYYRouterUITests */ = {
			isa = PBXNativeTarget;
			buildConfigurationList = 95944E2D1D5248DF0069BC8C /* Build configuration list for PBXNativeTarget "ZYYRouterUITests" */;
			buildPhases = (
				95944E1A1D5248DF0069BC8C /* Sources */,
				95944E1B1D5248DF0069BC8C /* Frameworks */,
				95944E1C1D5248DF0069BC8C /* Resources */,
			);
			buildRules = (
			);
			dependencies = (
				95944E201D5248DF0069BC8C /* PBXTargetDependency */,
			);
			name = ZYYRouterUITests;
			productName = ZYYRouterUITests;
			productReference = 95944E1E1D5248DF0069BC8C /* ZYYRouterUITests.xctest */;
			productType = "com.apple.product-type.bundle.ui-testing";
		};
/* End PBXNativeTarget section */

/* Begin PBXProject section */
		95944DF21D5248DF0069BC8C /* Project object */ = {
			isa = PBXProject;
			attributes = {
				CLASSPREFIX = ZYY;
				LastUpgradeCheck = 0730;
				ORGANIZATIONNAME = yuanye;
				TargetAttributes = {
					95944DF91D5248DF0069BC8C = {
						CreatedOnToolsVersion = 7.3.1;
					};
					95944E121D5248DF0069BC8C = {
						CreatedOnToolsVersion = 7.3.1;
						TestTargetID = 95944DF91D5248DF0069BC8C;
					};
					95944E1D1D5248DF0069BC8C = {
						CreatedOnToolsVersion = 7.3.1;
						TestTargetID = 95944DF91D5248DF0069BC8C;
					};
				};
			};
			buildConfigurationList = 95944DF51D5248DF0069BC8C /* Build configuration list for PBXProject "ZYYRouter" */;
			compatibilityVersion = "Xcode 3.2";
			developmentRegion = English;
			hasScannedForEncodings = 0;
			knownRegions = (
				en,
				Base,
			);
			mainGroup = 95944DF11D5248DF0069BC8C;
			productRefGroup = 95944DFB1D5248DF0069BC8C /* Products */;
			projectDirPath = "";
			projectRoot = "";
			targets = (
				95944DF91D5248DF0069BC8C /* ZYYRouter */,
				95944E121D5248DF0069BC8C /* ZYYRouterTests */,
				95944E1D1D5248DF0069BC8C /* ZYYRouterUITests */,
			);
		};
/* End PBXProject section */

/* Begin PBXResourcesBuildPhase section */
		95944DF81D5248DF0069BC8C /* Resources */ = {
			isa = PBXResourcesBuildPhase;
			buildActionMask = 2147483647;
			files = (
				95944E0D1D5248DF0069BC8C /* LaunchScreen.storyboard in Resources */,
				95944E0A1D5248DF0069BC8C /* Assets.xcassets in Resources */,
				95944E081D5248DF0069BC8C /* Main.storyboard in Resources */,
			);
			runOnlyForDeploymentPostprocessing = 0;
		};
		95944E111D5248DF0069BC8C /* Resources */ = {
			isa = PBXResourcesBuildPhase;
			buildActionMask = 2147483647;
			files = (
			);
			runOnlyForDeploymentPostprocessing = 0;
		};
		95944E1C1D5248DF0069BC8C /* Resources */ = {
			isa = PBXResourcesBuildPhase;
			buildActionMask = 2147483647;
			files = (
			);
			runOnlyForDeploymentPostprocessing = 0;
		};
/* End PBXResourcesBuildPhase section */

/* Begin PBXSourcesBuildPhase section */
		95944DF61D5248DF0069BC8C /* Sources */ = {
			isa = PBXSourcesBuildPhase;
			buildActionMask = 2147483647;
			files = (
				95944E051D5248DF0069BC8C /* ViewController.m in Sources */,
				95944E361D524BF30069BC8C /* ZYYViewController1.m in Sources */,
				95944E391D524C150069BC8C /* ZYYViewController2.m in Sources */,
				95944E021D5248DF0069BC8C /* AppDelegate.m in Sources */,
				95944E3C1D5251040069BC8C /* ZYYViewController3.m in Sources */,
				95944DFF1D5248DF0069BC8C /* main.m in Sources */,
				95944E331D5249060069BC8C /* ZYYRouter.m in Sources */,
			);
			runOnlyForDeploymentPostprocessing = 0;
		};
		95944E0F1D5248DF0069BC8C /* Sources */ = {
			isa = PBXSourcesBuildPhase;
			buildActionMask = 2147483647;
			files = (
				95944E181D5248DF0069BC8C /* ZYYRouterTests.m in Sources */,
			);
			runOnlyForDeploymentPostprocessing = 0;
		};
		95944E1A1D5248DF0069BC8C /* Sources */ = {
			isa = PBXSourcesBuildPhase;
			buildActionMask = 2147483647;
			files = (
				95944E231D5248DF0069BC8C /* ZYYRouterUITests.m in Sources */,
			);
			runOnlyForDeploymentPostprocessing = 0;
		};
/* End PBXSourcesBuildPhase section */

/* Begin PBXTargetDependency section */
		95944E151D5248DF0069BC8C /* PBXTargetDependency */ = {
			isa = PBXTargetDependency;
			target = 95944DF91D5248DF0069BC8C /* ZYYRouter */;
			targetProxy = 95944E141D5248DF0069BC8C /* PBXContainerItemProxy */;
		};
		95944E201D5248DF0069BC8C /* PBXTargetDependency */ = {
			isa = PBXTargetDependency;
			target = 95944DF91D5248DF0069BC8C /* ZYYRouter */;
			targetProxy = 95944E1F1D5248DF0069BC8C /* PBXContainerItemProxy */;
		};
/* End PBXTargetDependency section */

/* Begin PBXVariantGroup section */
		95944E061D5248DF0069BC8C /* Main.storyboard */ = {
			isa = PBXVariantGroup;
			children = (
				95944E071D5248DF0069BC8C /* Base */,
			);
			name = Main.storyboard;
			sourceTree = "<group>";
		};
		95944E0B1D5248DF0069BC8C /* LaunchScreen.storyboard */ = {
			isa = PBXVariantGroup;
			children = (
				95944E0C1D5248DF0069BC8C /* Base */,
			);
			name = LaunchScreen.storyboard;
			sourceTree = "<group>";
		};
/* End PBXVariantGroup section */

/* Begin XCBuildConfiguration section */
		95944E251D5248DF0069BC8C /* Debug */ = {
			isa = XCBuildConfiguration;
			buildSettings = {
				ALWAYS_SEARCH_USER_PATHS = NO;
				CLANG_ANALYZER_NONNULL = YES;
				CLANG_CXX_LANGUAGE_STANDARD = "gnu++0x";
				CLANG_CXX_LIBRARY = "libc++";
				CLANG_ENABLE_MODULES = YES;
				CLANG_ENABLE_OBJC_ARC = YES;
				CLANG_WARN_BOOL_CONVERSION = YES;
				CLANG_WARN_CONSTANT_CONVERSION = YES;
				CLANG_WARN_DIRECT_OBJC_ISA_USAGE = YES_ERROR;
				CLANG_WARN_EMPTY_BODY = YES;
				CLANG_WARN_ENUM_CONVERSION = YES;
				CLANG_WARN_INT_CONVERSION = YES;
				CLANG_WARN_OBJC_ROOT_CLASS = YES_ERROR;
				CLANG_WARN_UNREACHABLE_CODE = YES;
				CLANG_WARN__DUPLICATE_METHOD_MATCH = YES;
				"CODE_SIGN_IDENTITY[sdk=iphoneos*]" = "iPhone Developer";
				COPY_PHASE_STRIP = NO;
				DEBUG_INFORMATION_FORMAT = dwarf;
				ENABLE_STRICT_OBJC_MSGSEND = YES;
				ENABLE_TESTABILITY = YES;
				GCC_C_LANGUAGE_STANDARD = gnu99;
				GCC_DYNAMIC_NO_PIC = NO;
				GCC_NO_COMMON_BLOCKS = YES;
				GCC_OPTIMIZATION_LEVEL = 0;
				GCC_PREPROCESSOR_DEFINITIONS = (
					"DEBUG=1",
					"$(inherited)",
				);
				GCC_WARN_64_TO_32_BIT_CONVERSION = YES;
				GCC_WARN_ABOUT_RETURN_TYPE = YES_ERROR;
				GCC_WARN_UNDECLARED_SELECTOR = YES;
				GCC_WARN_UNINITIALIZED_AUTOS = YES_AGGRESSIVE;
				GCC_WARN_UNUSED_FUNCTION = YES;
				GCC_WARN_UNUSED_VARIABLE = YES;
				IPHONEOS_DEPLOYMENT_TARGET = 9.3;
				MTL_ENABLE_DEBUG_INFO = YES;
				ONLY_ACTIVE_ARCH = YES;
				SDKROOT = iphoneos;
			};
			name = Debug;
		};
		95944E261D5248DF0069BC8C /* Release */ = {
			isa = XCBuildConfiguration;
			buildSettings = {
				ALWAYS_SEARCH_USER_PATHS = NO;
				CLANG_ANALYZER_NONNULL = YES;
				CLANG_CXX_LANGUAGE_STANDARD = "gnu++0x";
				CLANG_CXX_LIBRARY = "libc++";
				CLANG_ENABLE_MODULES = YES;
				CLANG_ENABLE_OBJC_ARC = YES;
				CLANG_WARN_BOOL_CONVERSION = YES;
				CLANG_WARN_CONSTANT_CONVERSION = YES;
				CLANG_WARN_DIRECT_OBJC_ISA_USAGE = YES_ERROR;
				CLANG_WARN_EMPTY_BODY = YES;
				CLANG_WARN_ENUM_CONVERSION = YES;
				CLANG_WARN_INT_CONVERSION = YES;
				CLANG_WARN_OBJC_ROOT_CLASS = YES_ERROR;
				CLANG_WARN_UNREACHABLE_CODE = YES;
				CLANG_WARN__DUPLICATE_METHOD_MATCH = YES;
				"CODE_SIGN_IDENTITY[sdk=iphoneos*]" = "iPhone Developer";
				COPY_PHASE_STRIP = NO;
				DEBUG_INFORMATION_FORMAT = "dwarf-with-dsym";
				ENABLE_NS_ASSERTIONS = NO;
				ENABLE_STRICT_OBJC_MSGSEND = YES;
				GCC_C_LANGUAGE_STANDARD = gnu99;
				GCC_NO_COMMON_BLOCKS = YES;
				GCC_WARN_64_TO_32_BIT_CONVERSION = YES;
				GCC_WARN_ABOUT_RETURN_TYPE = YES_ERROR;
				GCC_WARN_UNDECLARED_SELECTOR = YES;
				GCC_WARN_UNINITIALIZED_AUTOS = YES_AGGRESSIVE;
				GCC_WARN_UNUSED_FUNCTION = YES;
				GCC_WARN_UNUSED_VARIABLE = YES;
				IPHONEOS_DEPLOYMENT_TARGET = 9.3;
				MTL_ENABLE_DEBUG_INFO = NO;
				SDKROOT = iphoneos;
				VALIDATE_PRODUCT = YES;
			};
			name = Release;
		};
		95944E281D5248DF0069BC8C /* Debug */ = {
			isa = XCBuildConfiguration;
			buildSettings = {
				ASSETCATALOG_COMPILER_APPICON_NAME = AppIcon;
				INFOPLIST_FILE = ZYYRouter/Info.plist;
				LD_RUNPATH_SEARCH_PATHS = "$(inherited) @executable_path/Frameworks";
				PRODUCT_BUNDLE_IDENTIFIER = com.yuanye.ZYYRouter;
				PRODUCT_NAME = "$(TARGET_NAME)";
			};
			name = Debug;
		};
		95944E291D5248DF0069BC8C /* Release */ = {
			isa = XCBuildConfiguration;
			buildSettings = {
				ASSETCATALOG_COMPILER_APPICON_NAME = AppIcon;
				INFOPLIST_FILE = ZYYRouter/Info.plist;
				LD_RUNPATH_SEARCH_PATHS = "$(inherited) @executable_path/Frameworks";
				PRODUCT_BUNDLE_IDENTIFIER = com.yuanye.ZYYRouter;
				PRODUCT_NAME = "$(TARGET_NAME)";
			};
			name = Release;
		};
		95944E2B1D5248DF0069BC8C /* Debug */ = {
			isa = XCBuildConfiguration;
			buildSettings = {
				BUNDLE_LOADER = "$(TEST_HOST)";
				INFOPLIST_FILE = ZYYRouterTests/Info.plist;
				LD_RUNPATH_SEARCH_PATHS = "$(inherited) @executable_path/Frameworks @loader_path/Frameworks";
				PRODUCT_BUNDLE_IDENTIFIER = com.yuanye.ZYYRouterTests;
				PRODUCT_NAME = "$(TARGET_NAME)";
				TEST_HOST = "$(BUILT_PRODUCTS_DIR)/ZYYRouter.app/ZYYRouter";
			};
			name = Debug;
		};
		95944E2C1D5248DF0069BC8C /* Release */ = {
			isa = XCBuildConfiguration;
			buildSettings = {
				BUNDLE_LOADER = "$(TEST_HOST)";
				INFOPLIST_FILE = ZYYRouterTests/Info.plist;
				LD_RUNPATH_SEARCH_PATHS = "$(inherited) @executable_path/Frameworks @loader_path/Frameworks";
				PRODUCT_BUNDLE_IDENTIFIER = com.yuanye.ZYYRouterTests;
				PRODUCT_NAME = "$(TARGET_NAME)";
				TEST_HOST = "$(BUILT_PRODUCTS_DIR)/ZYYRouter.app/ZYYRouter";
			};
			name = Release;
		};
		95944E2E1D5248DF0069BC8C /* Debug */ = {
			isa = XCBuildConfiguration;
			buildSettings = {
				INFOPLIST_FILE = ZYYRouterUITests/Info.plist;
				LD_RUNPATH_SEARCH_PATHS = "$(inherited) @executable_path/Frameworks @loader_path/Frameworks";
				PRODUCT_BUNDLE_IDENTIFIER = com.yuanye.ZYYRouterUITests;
				PRODUCT_NAME = "$(TARGET_NAME)";
				TEST_TARGET_NAME = ZYYRouter;
			};
			name = Debug;
		};
		95944E2F1D5248DF0069BC8C /* Release */ = {
			isa = XCBuildConfiguration;
			buildSettings = {
				INFOPLIST_FILE = ZYYRouterUITests/Info.plist;
				LD_RUNPATH_SEARCH_PATHS = "$(inherited) @executable_path/Frameworks @loader_path/Frameworks";
				PRODUCT_BUNDLE_IDENTIFIER = com.yuanye.ZYYRouterUITests;
				PRODUCT_NAME = "$(TARGET_NAME)";
				TEST_TARGET_NAME = ZYYRouter;
			};
			name = Release;
		};
/* End XCBuildConfiguration section */

/* Begin XCConfigurationList section */
		95944DF51D5248DF0069BC8C /* Build configuration list for PBXProject "ZYYRouter" */ = {
			isa = XCConfigurationList;
			buildConfigurations = (
				95944E251D5248DF0069BC8C /* Debug */,
				95944E261D5248DF0069BC8C /* Release */,
			);
			defaultConfigurationIsVisible = 0;
			defaultConfigurationName = Release;
		};
		95944E271D5248DF0069BC8C /* Build configuration list for PBXNativeTarget "ZYYRouter" */ = {
			isa = XCConfigurationList;
			buildConfigurations = (
				95944E281D5248DF0069BC8C /* Debug */,
				95944E291D5248DF0069BC8C /* Release */,
			);
			defaultConfigurationIsVisible = 0;
			defaultConfigurationName = Release;
		};
		95944E2A1D5248DF0069BC8C /* Build configuration list for PBXNativeTarget "ZYYRouterTests" */ = {
			isa = XCConfigurationList;
			buildConfigurations = (
				95944E2B1D5248DF0069BC8C /* Debug */,
				95944E2C1D5248DF0069BC8C /* Release */,
			);
			defaultConfigurationIsVisible = 0;
			defaultConfigurationName = Release;
		};
		95944E2D1D5248DF0069BC8C /* Build configuration list for PBXNativeTarget "ZYYRouterUITests" */ = {
			isa = XCConfigurationList;
			buildConfigurations = (
				95944E2E1D5248DF0069BC8C /* Debug */,
				95944E2F1D5248DF0069BC8C /* Release */,
			);
			defaultConfigurationIsVisible = 0;
			defaultConfigurationName = Release;
		};
/* End XCConfigurationList section */
	};
	rootObject = 95944DF21D5248DF0069BC8C /* Project object */;
}
